<?xml version="1.0" encoding="utf-8"?>
<Project ToolsVersion="4.0" xmlns="http://schemas.microsoft.com/developer/msbuild/2003">
  <ItemGroup>
    <Filter Include="Source Files">
      <UniqueIdentifier>{4FC737F1-C7A5-4376-A066-2A32D752A2FF}</UniqueIdentifier>
      <Extensions>cpp;c;cc;cxx;def;odl;idl;hpj;bat;asm;asmx</Extensions>
    </Filter>
    <Filter Include="Header Files">
      <UniqueIdentifier>{93995380-89BD-4b04-88EB-625FBE52EBFB}</UniqueIdentifier>
      <Extensions>h;hh;hpp;hxx;hm;inl;inc;ipp;xsd</Extensions>
    </Filter>
    <Filter Include="Resource Files">
      <UniqueIdentifier>{67DA6AB6-F800-4c08-8B7A-83BB121AAD01}</UniqueIdentifier>
      <Extensions>rc;ico;cur;bmp;dlg;rc2;rct;bin;rgs;gif;jpg;jpeg;jpe;resx;tiff;tif;png;wav;mfcribbon-ms</Extensions>
    </Filter>
    <Filter Include="Source Files\mednafen">
      <UniqueIdentifier>{83229c51-f947-427b-9ed5-04ae558b28c3}</UniqueIdentifier>
    </Filter>
    <Filter Include="Header Files\mednafen">
      <UniqueIdentifier>{aa6498a9-800a-4373-b3db-35172f9ece08}</UniqueIdentifier>
    </Filter>
    <Filter Include="Header Files\psyq_rev">
      <UniqueIdentifier>{f1edc9ab-eff9-4e00-bb07-8959ae050518}</UniqueIdentifier>
    </Filter>
    <Filter Include="Source Files\psyq_rev">
      <UniqueIdentifier>{b50b55b0-8625-481a-81e6-ac556329540f}</UniqueIdentifier>
    </Filter>
  </ItemGroup>
  <ItemGroup>
    <ClInclude Include="..\mednafen\spu.h">
      <Filter>Header Files\mednafen</Filter>
    </ClInclude>
    <ClInclude Include="..\psyq_rev\psyq_spu.h">
      <Filter>Header Files\psyq_rev</Filter>
    </ClInclude>
    <ClInclude Include="..\psx_seq_player\lib_snd.hpp">
      <Filter>Header Files\psyq_rev</Filter>
    </ClInclude>
    <ClInclude Include="..\psx_seq_player\lib_spu.hpp">
      <Filter>Header Files\psyq_rev</Filter>
    </ClInclude>
    <ClInclude Include="..\psx_seq_player\psx_stubs.hpp">
      <Filter>Header Files\psyq_rev</Filter>
    </ClInclude>
    <ClInclude Include="..\psx_seq_player\Sound.hpp">
      <Filter>Header Files</Filter>
    </ClInclude>
    <ClInclude Include="..\mednafen\dma.h">
      <Filter>Header Files\mednafen</Filter>
    </ClInclude>
  </ItemGroup>
  <ItemGroup>
    <None Include="..\mednafen\spu_fir_table.inc">
      <Filter>Header Files\mednafen</Filter>
    </None>
  </ItemGroup>
  <ItemGroup>
    <ClCompile Include="..\mednafen\spu.cpp">
      <Filter>Source Files\mednafen</Filter>
    </ClCompile>
    <ClCompile Include="..\psyq_rev\psyq_spu.cpp">
      <Filter>Source Files\psyq_rev</Filter>
    </ClCompile>
    <ClCompile Include="..\psx_seq_player\lib_snd.cpp">
      <Filter>Source Files\psyq_rev</Filter>
    </ClCompile>
    <ClCompile Include="..\psx_seq_player\lib_spu.cpp">
      <Filter>Source Files\psyq_rev</Filter>
    </ClCompile>
    <ClCompile Include="..\psx_seq_player\vs_vt.c">
      <Filter>Source Files\psyq_rev</Filter>
    </ClCompile>
    <ClCompile Include="..\psx_seq_player\vs_vtc.c">
      <Filter>Source Files\psyq_rev</Filter>
    </ClCompile>
    <ClCompile Include="..\psx_seq_player\main.cpp">
      <Filter>Source Files</Filter>
    </ClCompile>
    <ClCompile Include="..\mednafen\dma.cpp">
      <Filter>Source Files\mednafen</Filter>
    </ClCompile>
  </ItemGroup>
</Project>